
Microsoft Visual Studio Solution File, Format Version 12.00
# Visual Studio Version 16
VisualStudioVersion = 16.0.31702.278
MinimumVisualStudioVersion = 10.0.40219.1
Project("{FAE04EC0-301F-11D3-BF4B-00C04F79EFBC}") = "Uploading_data", "Uploading_data\Uploading_data.csproj", "{1E479640-C18B-4463-9B4B-0F7F1D951344}"
EndProject
Global
	GlobalSection(SolutionConfigurationPlatforms) = preSolution
		Debug|Any CPU = Debug|Any CPU
		Release|Any CPU = Release|Any CPU
	EndGlobalSection
	GlobalSection(ProjectConfigurationPlatforms) = postSolution
		{1E479640-C18B-4463-9B4B-0F7F1D951344}.Debug|Any CPU.ActiveCfg = Debug|Any CPU
		{1E479640-C18B-4463-9B4B-0F7F1D951344}.Debug|Any CPU.Build.0 = Debug|Any CPU
		{1E479640-C18B-4463-9B4B-0F7F1D951344}.Release|Any CPU.ActiveCfg = Release|Any CPU
		{1E479640-C18B-4463-9B4B-0F7F1D951344}.Release|Any CPU.Build.0 = Release|Any CPU
	EndGlobalSection
	GlobalSection(SolutionProperties) = preSolution
		HideSolutionNode = FALSE
	EndGlobalSection
	GlobalSection(ExtensibilityGlobals) = postSolution
		SolutionGuid = {D2FAC5FE-12BA-485D-9643-D4BB4ED6ADC3}
	EndGlobalSection
EndGlobal
